<Solution>
  <Folder Name="/samples/">
    <Project Path="samples/SetupSampleDevice/SetupSampleDevice.csproj" Id="7bd6b448-6702-4afa-921c-53f0f5ee6aae" />
  </Folder>
  <Folder Name="/samples/MQTTv5/">
    <Project Path="samples/MQTTv5/DirectMethodsSample/DirectMethodsClientSample.csproj" />
    <Project Path="samples/MQTTv5/TelemetryClientSample/TelemetryClientSample.csproj" />
    <Project Path="samples/MQTTv5/TwinClientSample/TwinClientSample.csproj" />
  </Folder>
  <Folder Name="/samples/Unified/">
    <Project Path="samples/Unified/CertificateManagementSample/CertificateManagementSample.csproj" Id="9cbac237-d923-4a86-a44f-1b5547a69752" />
    <Project Path="samples/Unified/CustomMqttClientSample/CustomMqttClientSample.csproj" Id="d9e54799-f86c-440a-b7a7-63f4fc150000" />
    <Project Path="samples/Unified/DirectMethodsSample/DirectMethodsClientSample.csproj" />
    <Project Path="samples/Unified/PersistProvisioningSample/PersistProvisioningSample.csproj" Id="5929b6d0-ef58-4122-a29c-d239d2d5f48c" />
    <Project Path="samples/Unified/TelemetryClientSample/TelemetryClientSample.csproj" Id="648020f8-cf99-467d-9196-258cbc909fd4" />
    <Project Path="samples/Unified/TwinClientSample/TwinClientSample.csproj" Id="879a8071-71e3-4c19-b220-2d337c3b54ed" />
  </Folder>
  <Folder Name="/src/">
    <Project Path="src/Microsoft.Azure.Iot.Device/Microsoft.Azure.Iot.Device.csproj" />
  </Folder>
  <Folder Name="/tests/">
    <Project Path="tests/Microsoft.Azure.Iot.Device.IntegrationTests/Microsoft.Azure.Iot.Device.IntegrationTests.csproj" Id="f363485d-c5d5-40c1-af47-cafdf8c074c5" />
    <Project Path="tests/Microsoft.Azure.Iot.Device.UnitTests/Microsoft.Azure.Iot.Device.UnitTests.csproj" Id="edf5980a-3b0d-4783-bbee-a1eadc298c8c" />
  </Folder>
</Solution>
